// !$*UTF8*$!
{
	archiveVersion = 1;
	classes = {
	};
	objectVersion = 50;
	objects = {

/* Begin PBXBuildFile section */
		2BB27C5572A3D4D801C1DAE1 /* Pods_ZalandoFastSearchSwift.framework in Frameworks */ = {isa = PBXBuildFile; fileRef = 24A4A7D90859E73D8B46A1ED /* Pods_ZalandoFastSearchSwift.framework */; };
		5B3E697BB7AA8F1C814D43EC /* Pods_ZalandoFastSearchSwiftTests.framework in Frameworks */ = {isa = PBXBuildFile; fileRef = 0DACF50939638C5C5A3E3D1E /* Pods_ZalandoFastSearchSwiftTests.framework */; };
		9411C6D0700BC09B2B3A3BBB /* Pods_ZalandoFastSearchSwiftUITests.framework in Frameworks */ = {isa = PBXBuildFile; fileRef = 7A4806E9D819B1E85BBB497B /* Pods_ZalandoFastSearchSwiftUITests.framework */; };
		EC82FB4820F3FE6400EF1D29 /* Coordinating.swift in Sources */ = {isa = PBXBuildFile; fileRef = EC82FB4720F3FE6400EF1D29 /* Coordinating.swift */; };
		EC82FB4A20F4272800EF1D29 /* InitCoordinator.swift in Sources */ = {isa = PBXBuildFile; fileRef = EC82FB4920F4272800EF1D29 /* InitCoordinator.swift */; };
		EC82FB4C20F4273700EF1D29 /* CreatePresetCoordinator.swift in Sources */ = {isa = PBXBuildFile; fileRef = EC82FB4B20F4273700EF1D29 /* CreatePresetCoordinator.swift */; };
		EC82FB4E20F4274100EF1D29 /* ResultCoordinator.swift in Sources */ = {isa = PBXBuildFile; fileRef = EC82FB4D20F4274100EF1D29 /* ResultCoordinator.swift */; };
		EC82FB5020F4274C00EF1D29 /* PresetsCoordinator.swift in Sources */ = {isa = PBXBuildFile; fileRef = EC82FB4F20F4274C00EF1D29 /* PresetsCoordinator.swift */; };
		EC87503020F4E999008D2ED4 /* LoginView.swift in Sources */ = {isa = PBXBuildFile; fileRef = EC87502F20F4E999008D2ED4 /* LoginView.swift */; };
		EC87503220F4E9A4008D2ED4 /* LoginViewModel.swift in Sources */ = {isa = PBXBuildFile; fileRef = EC87503120F4E9A4008D2ED4 /* LoginViewModel.swift */; };
		EC87503420F4E9AD008D2ED4 /* LoginViewController.swift in Sources */ = {isa = PBXBuildFile; fileRef = EC87503320F4E9AD008D2ED4 /* LoginViewController.swift */; };
		EC87503820F4EC26008D2ED4 /* ColorTheme.swift in Sources */ = {isa = PBXBuildFile; fileRef = EC87503720F4EC26008D2ED4 /* ColorTheme.swift */; };
		EC87503B20F4F465008D2ED4 /* BaseView.swift in Sources */ = {isa = PBXBuildFile; fileRef = EC87503A20F4F465008D2ED4 /* BaseView.swift */; };
		EC87503D20F4FBCC008D2ED4 /* Flex+Extension.swift in Sources */ = {isa = PBXBuildFile; fileRef = EC87503C20F4FBCC008D2ED4 /* Flex+Extension.swift */; };
		EC87503F20F4FD34008D2ED4 /* BaseViewController.swift in Sources */ = {isa = PBXBuildFile; fileRef = EC87503E20F4FD34008D2ED4 /* BaseViewController.swift */; };
		EC87504420F6240E008D2ED4 /* ZalandoFastSearchSwift.xcdatamodeld in Sources */ = {isa = PBXBuildFile; fileRef = EC87504220F6240E008D2ED4 /* ZalandoFastSearchSwift.xcdatamodeld */; };
		EC87504620F62571008D2ED4 /* CoreDataManager.swift in Sources */ = {isa = PBXBuildFile; fileRef = EC87504520F62571008D2ED4 /* CoreDataManager.swift */; };
		EC87504820F6270F008D2ED4 /* User.swift in Sources */ = {isa = PBXBuildFile; fileRef = EC87504720F6270F008D2ED4 /* User.swift */; };
		EC87504A20F631FC008D2ED4 /* RegisterView.swift in Sources */ = {isa = PBXBuildFile; fileRef = EC87504920F631FC008D2ED4 /* RegisterView.swift */; };
		EC87504C20F63206008D2ED4 /* RegisterViewModel.swift in Sources */ = {isa = PBXBuildFile; fileRef = EC87504B20F63206008D2ED4 /* RegisterViewModel.swift */; };
		EC87504E20F6320E008D2ED4 /* RegisterViewController.swift in Sources */ = {isa = PBXBuildFile; fileRef = EC87504D20F6320E008D2ED4 /* RegisterViewController.swift */; };
		EC87505220F632FE008D2ED4 /* AuthenticationCoordinator.swift in Sources */ = {isa = PBXBuildFile; fileRef = EC87505120F632FE008D2ED4 /* AuthenticationCoordinator.swift */; };
		ECF24AB920F298A900A1B1F4 /* AppDelegate.swift in Sources */ = {isa = PBXBuildFile; fileRef = ECF24AB820F298A900A1B1F4 /* AppDelegate.swift */; };
		ECF24AC020F298AB00A1B1F4 /* Assets.xcassets in Resources */ = {isa = PBXBuildFile; fileRef = ECF24ABF20F298AB00A1B1F4 /* Assets.xcassets */; };
		ECF24AC320F298AB00A1B1F4 /* LaunchScreen.storyboard in Resources */ = {isa = PBXBuildFile; fileRef = ECF24AC120F298AB00A1B1F4 /* LaunchScreen.storyboard */; };
		ECF24ACE20F298AB00A1B1F4 /* ZalandoFastSearchSwiftTests.swift in Sources */ = {isa = PBXBuildFile; fileRef = ECF24ACD20F298AB00A1B1F4 /* ZalandoFastSearchSwiftTests.swift */; };
		ECF24AD920F298AB00A1B1F4 /* ZalandoFastSearchSwiftUITests.swift in Sources */ = {isa = PBXBuildFile; fileRef = ECF24AD820F298AB00A1B1F4 /* ZalandoFastSearchSwiftUITests.swift */; };
/* End PBXBuildFile section */

/* Begin PBXContainerItemProxy section */
		ECF24ACA20F298AB00A1B1F4 /* PBXContainerItemProxy */ = {
			isa = PBXContainerItemProxy;
			containerPortal = ECF24AAD20F298A900A1B1F4 /* Project object */;
			proxyType = 1;
			remoteGlobalIDString = ECF24AB420F298A900A1B1F4;
			remoteInfo = ZalandoFastSearchSwift;
		};
		ECF24AD520F298AB00A1B1F4 /* PBXContainerItemProxy */ = {
			isa = PBXContainerItemProxy;
			containerPortal = ECF24AAD20F298A900A1B1F4 /* Project object */;
			proxyType = 1;
			remoteGlobalIDString = ECF24AB420F298A900A1B1F4;
			remoteInfo = ZalandoFastSearchSwift;
		};
/* End PBXContainerItemProxy section */

/* Begin PBXFileReference section */
		0DACF50939638C5C5A3E3D1E /* Pods_ZalandoFastSearchSwiftTests.framework */ = {isa = PBXFileReference; explicitFileType = wrapper.framework; includeInIndex = 0; path = Pods_ZalandoFastSearchSwiftTests.framework; sourceTree = BUILT_PRODUCTS_DIR; };
		24A4A7D90859E73D8B46A1ED /* Pods_ZalandoFastSearchSwift.framework */ = {isa = PBXFileReference; explicitFileType = wrapper.framework; includeInIndex = 0; path = Pods_ZalandoFastSearchSwift.framework; sourceTree = BUILT_PRODUCTS_DIR; };
		4E727F970BD553826FD8A34A /* Pods-ZalandoFastSearchSwiftTests.release.xcconfig */ = {isa = PBXFileReference; includeInIndex = 1; lastKnownFileType = text.xcconfig; name = "Pods-ZalandoFastSearchSwiftTests.release.xcconfig"; path = "Pods/Target Support Files/Pods-ZalandoFastSearchSwiftTests/Pods-ZalandoFastSearchSwiftTests.release.xcconfig"; sourceTree = "<group>"; };
		7A4806E9D819B1E85BBB497B /* Pods_ZalandoFastSearchSwiftUITests.framework */ = {isa = PBXFileReference; explicitFileType = wrapper.framework; includeInIndex = 0; path = Pods_ZalandoFastSearchSwiftUITests.framework; sourceTree = BUILT_PRODUCTS_DIR; };
		86F016E11AA2DA2A721B324E /* Pods-ZalandoFastSearchSwift.release.xcconfig */ = {isa = PBXFileReference; includeInIndex = 1; lastKnownFileType = text.xcconfig; name = "Pods-ZalandoFastSearchSwift.release.xcconfig"; path = "Pods/Target Support Files/Pods-ZalandoFastSearchSwift/Pods-ZalandoFastSearchSwift.release.xcconfig"; sourceTree = "<group>"; };
		94F8CA5A7E176E75436CA3FA /* Pods-ZalandoFastSearchSwift.debug.xcconfig */ = {isa = PBXFileReference; includeInIndex = 1; lastKnownFileType = text.xcconfig; name = "Pods-ZalandoFastSearchSwift.debug.xcconfig"; path = "Pods/Target Support Files/Pods-ZalandoFastSearchSwift/Pods-ZalandoFastSearchSwift.debug.xcconfig"; sourceTree = "<group>"; };
		B87941F3B936CB401C88065E /* Pods-ZalandoFastSearchSwiftUITests.debug.xcconfig */ = {isa = PBXFileReference; includeInIndex = 1; lastKnownFileType = text.xcconfig; name = "Pods-ZalandoFastSearchSwiftUITests.debug.xcconfig"; path = "Pods/Target Support Files/Pods-ZalandoFastSearchSwiftUITests/Pods-ZalandoFastSearchSwiftUITests.debug.xcconfig"; sourceTree = "<group>"; };
		C62F32B34E56D35865E1BA44 /* Pods-ZalandoFastSearchSwiftUITests.release.xcconfig */ = {isa = PBXFileReference; includeInIndex = 1; lastKnownFileType = text.xcconfig; name = "Pods-ZalandoFastSearchSwiftUITests.release.xcconfig"; path = "Pods/Target Support Files/Pods-ZalandoFastSearchSwiftUITests/Pods-ZalandoFastSearchSwiftUITests.release.xcconfig"; sourceTree = "<group>"; };
		DF77527D03F9BFFCA804EA1A /* Pods-ZalandoFastSearchSwiftTests.debug.xcconfig */ = {isa = PBXFileReference; includeInIndex = 1; lastKnownFileType = text.xcconfig; name = "Pods-ZalandoFastSearchSwiftTests.debug.xcconfig"; path = "Pods/Target Support Files/Pods-ZalandoFastSearchSwiftTests/Pods-ZalandoFastSearchSwiftTests.debug.xcconfig"; sourceTree = "<group>"; };
		EC82FB4720F3FE6400EF1D29 /* Coordinating.swift */ = {isa = PBXFileReference; lastKnownFileType = sourcecode.swift; path = Coordinating.swift; sourceTree = "<group>"; };
		EC82FB4920F4272800EF1D29 /* InitCoordinator.swift */ = {isa = PBXFileReference; lastKnownFileType = sourcecode.swift; path = InitCoordinator.swift; sourceTree = "<group>"; };
		EC82FB4B20F4273700EF1D29 /* CreatePresetCoordinator.swift */ = {isa = PBXFileReference; lastKnownFileType = sourcecode.swift; path = CreatePresetCoordinator.swift; sourceTree = "<group>"; };
		EC82FB4D20F4274100EF1D29 /* ResultCoordinator.swift */ = {isa = PBXFileReference; lastKnownFileType = sourcecode.swift; path = ResultCoordinator.swift; sourceTree = "<group>"; };
		EC82FB4F20F4274C00EF1D29 /* PresetsCoordinator.swift */ = {isa = PBXFileReference; lastKnownFileType = sourcecode.swift; path = PresetsCoordinator.swift; sourceTree = "<group>"; };
		EC87502F20F4E999008D2ED4 /* LoginView.swift */ = {isa = PBXFileReference; lastKnownFileType = sourcecode.swift; path = LoginView.swift; sourceTree = "<group>"; };
		EC87503120F4E9A4008D2ED4 /* LoginViewModel.swift */ = {isa = PBXFileReference; lastKnownFileType = sourcecode.swift; path = LoginViewModel.swift; sourceTree = "<group>"; };
		EC87503320F4E9AD008D2ED4 /* LoginViewController.swift */ = {isa = PBXFileReference; lastKnownFileType = sourcecode.swift; path = LoginViewController.swift; sourceTree = "<group>"; };
		EC87503720F4EC26008D2ED4 /* ColorTheme.swift */ = {isa = PBXFileReference; lastKnownFileType = sourcecode.swift; path = ColorTheme.swift; sourceTree = "<group>"; };
		EC87503A20F4F465008D2ED4 /* BaseView.swift */ = {isa = PBXFileReference; lastKnownFileType = sourcecode.swift; path = BaseView.swift; sourceTree = "<group>"; };
		EC87503C20F4FBCC008D2ED4 /* Flex+Extension.swift */ = {isa = PBXFileReference; lastKnownFileType = sourcecode.swift; path = "Flex+Extension.swift"; sourceTree = "<group>"; };
		EC87503E20F4FD34008D2ED4 /* BaseViewController.swift */ = {isa = PBXFileReference; lastKnownFileType = sourcecode.swift; path = BaseViewController.swift; sourceTree = "<group>"; };
		EC87504320F6240E008D2ED4 /* ZalandoFastSearchSwift.xcdatamodel */ = {isa = PBXFileReference; lastKnownFileType = wrapper.xcdatamodel; path = ZalandoFastSearchSwift.xcdatamodel; sourceTree = "<group>"; };
		EC87504520F62571008D2ED4 /* CoreDataManager.swift */ = {isa = PBXFileReference; lastKnownFileType = sourcecode.swift; path = CoreDataManager.swift; sourceTree = "<group>"; };
		EC87504720F6270F008D2ED4 /* User.swift */ = {isa = PBXFileReference; lastKnownFileType = sourcecode.swift; path = User.swift; sourceTree = "<group>"; };
		EC87504920F631FC008D2ED4 /* RegisterView.swift */ = {isa = PBXFileReference; lastKnownFileType = sourcecode.swift; path = RegisterView.swift; sourceTree = "<group>"; };
		EC87504B20F63206008D2ED4 /* RegisterViewModel.swift */ = {isa = PBXFileReference; lastKnownFileType = sourcecode.swift; path = RegisterViewModel.swift; sourceTree = "<group>"; };
		EC87504D20F6320E008D2ED4 /* RegisterViewController.swift */ = {isa = PBXFileReference; lastKnownFileType = sourcecode.swift; path = RegisterViewController.swift; sourceTree = "<group>"; };
		EC87505120F632FE008D2ED4 /* AuthenticationCoordinator.swift */ = {isa = PBXFileReference; lastKnownFileType = sourcecode.swift; path = AuthenticationCoordinator.swift; sourceTree = "<group>"; };
		ECF24AB520F298A900A1B1F4 /* ZalandoFastSearchSwift.app */ = {isa = PBXFileReference; explicitFileType = wrapper.application; includeInIndex = 0; path = ZalandoFastSearchSwift.app; sourceTree = BUILT_PRODUCTS_DIR; };
		ECF24AB820F298A900A1B1F4 /* AppDelegate.swift */ = {isa = PBXFileReference; lastKnownFileType = sourcecode.swift; path = AppDelegate.swift; sourceTree = "<group>"; };
		ECF24ABF20F298AB00A1B1F4 /* Assets.xcassets */ = {isa = PBXFileReference; lastKnownFileType = folder.assetcatalog; path = Assets.xcassets; sourceTree = "<group>"; };
		ECF24AC220F298AB00A1B1F4 /* Base */ = {isa = PBXFileReference; lastKnownFileType = file.storyboard; name = Base; path = Base.lproj/LaunchScreen.storyboard; sourceTree = "<group>"; };
		ECF24AC420F298AB00A1B1F4 /* Info.plist */ = {isa = PBXFileReference; lastKnownFileType = text.plist.xml; path = Info.plist; sourceTree = "<group>"; };
		ECF24AC920F298AB00A1B1F4 /* ZalandoFastSearchSwiftTests.xctest */ = {isa = PBXFileReference; explicitFileType = wrapper.cfbundle; includeInIndex = 0; path = ZalandoFastSearchSwiftTests.xctest; sourceTree = BUILT_PRODUCTS_DIR; };
		ECF24ACD20F298AB00A1B1F4 /* ZalandoFastSearchSwiftTests.swift */ = {isa = PBXFileReference; lastKnownFileType = sourcecode.swift; path = ZalandoFastSearchSwiftTests.swift; sourceTree = "<group>"; };
		ECF24ACF20F298AB00A1B1F4 /* Info.plist */ = {isa = PBXFileReference; lastKnownFileType = text.plist.xml; path = Info.plist; sourceTree = "<group>"; };
		ECF24AD420F298AB00A1B1F4 /* ZalandoFastSearchSwiftUITests.xctest */ = {isa = PBXFileReference; explicitFileType = wrapper.cfbundle; includeInIndex = 0; path = ZalandoFastSearchSwiftUITests.xctest; sourceTree = BUILT_PRODUCTS_DIR; };
		ECF24AD820F298AB00A1B1F4 /* ZalandoFastSearchSwiftUITests.swift */ = {isa = PBXFileReference; lastKnownFileType = sourcecode.swift; path = ZalandoFastSearchSwiftUITests.swift; sourceTree = "<group>"; };
		ECF24ADA20F298AB00A1B1F4 /* Info.plist */ = {isa = PBXFileReference; lastKnownFileType = text.plist.xml; path = Info.plist; sourceTree = "<group>"; };
/* End PBXFileReference section */

/* Begin PBXFrameworksBuildPhase section */
		ECF24AB220F298A900A1B1F4 /* Frameworks */ = {
			isa = PBXFrameworksBuildPhase;
			buildActionMask = 2147483647;
			files = (
				2BB27C5572A3D4D801C1DAE1 /* Pods_ZalandoFastSearchSwift.framework in Frameworks */,
			);
			runOnlyForDeploymentPostprocessing = 0;
		};
		ECF24AC620F298AB00A1B1F4 /* Frameworks */ = {
			isa = PBXFrameworksBuildPhase;
			buildActionMask = 2147483647;
			files = (
				5B3E697BB7AA8F1C814D43EC /* Pods_ZalandoFastSearchSwiftTests.framework in Frameworks */,
			);
			runOnlyForDeploymentPostprocessing = 0;
		};
		ECF24AD120F298AB00A1B1F4 /* Frameworks */ = {
			isa = PBXFrameworksBuildPhase;
			buildActionMask = 2147483647;
			files = (
				9411C6D0700BC09B2B3A3BBB /* Pods_ZalandoFastSearchSwiftUITests.framework in Frameworks */,
			);
			runOnlyForDeploymentPostprocessing = 0;
		};
/* End PBXFrameworksBuildPhase section */

/* Begin PBXGroup section */
		313327A3FF7CD9A0CCF531B0 /* Frameworks */ = {
			isa = PBXGroup;
			children = (
				24A4A7D90859E73D8B46A1ED /* Pods_ZalandoFastSearchSwift.framework */,
				0DACF50939638C5C5A3E3D1E /* Pods_ZalandoFastSearchSwiftTests.framework */,
				7A4806E9D819B1E85BBB497B /* Pods_ZalandoFastSearchSwiftUITests.framework */,
			);
			name = Frameworks;
			sourceTree = "<group>";
		};
		55F363D74D9781EF4A5F7D53 /* Pods */ = {
			isa = PBXGroup;
			children = (
				94F8CA5A7E176E75436CA3FA /* Pods-ZalandoFastSearchSwift.debug.xcconfig */,
				86F016E11AA2DA2A721B324E /* Pods-ZalandoFastSearchSwift.release.xcconfig */,
				DF77527D03F9BFFCA804EA1A /* Pods-ZalandoFastSearchSwiftTests.debug.xcconfig */,
				4E727F970BD553826FD8A34A /* Pods-ZalandoFastSearchSwiftTests.release.xcconfig */,
				B87941F3B936CB401C88065E /* Pods-ZalandoFastSearchSwiftUITests.debug.xcconfig */,
				C62F32B34E56D35865E1BA44 /* Pods-ZalandoFastSearchSwiftUITests.release.xcconfig */,
			);
			name = Pods;
			sourceTree = "<group>";
		};
		EC82FB3E20F3FC3400EF1D29 /* Login */ = {
			isa = PBXGroup;
			children = (
				EC87502F20F4E999008D2ED4 /* LoginView.swift */,
				EC87503120F4E9A4008D2ED4 /* LoginViewModel.swift */,
				EC87503320F4E9AD008D2ED4 /* LoginViewController.swift */,
			);
			path = Login;
			sourceTree = "<group>";
		};
		EC82FB3F20F3FC3F00EF1D29 /* Register */ = {
			isa = PBXGroup;
			children = (
				EC87504920F631FC008D2ED4 /* RegisterView.swift */,
				EC87504B20F63206008D2ED4 /* RegisterViewModel.swift */,
				EC87504D20F6320E008D2ED4 /* RegisterViewController.swift */,
			);
			path = Register;
			sourceTree = "<group>";
		};
		EC82FB4020F3FC4500EF1D29 /* Presets */ = {
			isa = PBXGroup;
			children = (
				EC82FB4F20F4274C00EF1D29 /* PresetsCoordinator.swift */,
			);
			path = Presets;
			sourceTree = "<group>";
		};
		EC82FB4120F3FC5100EF1D29 /* Result */ = {
			isa = PBXGroup;
			children = (
				EC82FB4D20F4274100EF1D29 /* ResultCoordinator.swift */,
			);
			path = Result;
			sourceTree = "<group>";
		};
		EC82FB4220F3FC5A00EF1D29 /* CreatePreset */ = {
			isa = PBXGroup;
			children = (
				EC82FB4B20F4273700EF1D29 /* CreatePresetCoordinator.swift */,
			);
			path = CreatePreset;
			sourceTree = "<group>";
		};
		EC82FB4320F3FD0A00EF1D29 /* Utils */ = {
			isa = PBXGroup;
			children = (
				EC87503720F4EC26008D2ED4 /* ColorTheme.swift */,
			);
			path = Utils;
			sourceTree = "<group>";
		};
		EC82FB4420F3FD4200EF1D29 /* Models */ = {
			isa = PBXGroup;
			children = (
				EC87504720F6270F008D2ED4 /* User.swift */,
			);
			path = Models;
			sourceTree = "<group>";
		};
		EC82FB4520F3FD5800EF1D29 /* Init */ = {
			isa = PBXGroup;
			children = (
				EC82FB4920F4272800EF1D29 /* InitCoordinator.swift */,
			);
			path = Init;
			sourceTree = "<group>";
		};
		EC82FB4620F3FD6D00EF1D29 /* Protocols */ = {
			isa = PBXGroup;
			children = (
				EC82FB4720F3FE6400EF1D29 /* Coordinating.swift */,
			);
			path = Protocols;
			sourceTree = "<group>";
		};
		EC87503920F4F45A008D2ED4 /* Base */ = {
			isa = PBXGroup;
			children = (
				EC87503A20F4F465008D2ED4 /* BaseView.swift */,
				EC87503E20F4FD34008D2ED4 /* BaseViewController.swift */,
			);
			path = Base;
			sourceTree = "<group>";
		};
		EC87504F20F632C9008D2ED4 /* Authentication */ = {
			isa = PBXGroup;
			children = (
				EC87505120F632FE008D2ED4 /* AuthenticationCoordinator.swift */,
				EC82FB3F20F3FC3F00EF1D29 /* Register */,
				EC82FB3E20F3FC3400EF1D29 /* Login */,
			);
			path = Authentication;
			sourceTree = "<group>";
		};
		EC87505020F632D3008D2ED4 /* PresetsBrowsing */ = {
			isa = PBXGroup;
			children = (
				EC82FB4220F3FC5A00EF1D29 /* CreatePreset */,
				EC82FB4120F3FC5100EF1D29 /* Result */,
				EC82FB4020F3FC4500EF1D29 /* Presets */,
			);
			path = PresetsBrowsing;
			sourceTree = "<group>";
		};
		ECF24AAC20F298A900A1B1F4 = {
			isa = PBXGroup;
			children = (
				ECF24AB720F298A900A1B1F4 /* ZalandoFastSearchSwift */,
				ECF24ACC20F298AB00A1B1F4 /* ZalandoFastSearchSwiftTests */,
				ECF24AD720F298AB00A1B1F4 /* ZalandoFastSearchSwiftUITests */,
				ECF24AB620F298A900A1B1F4 /* Products */,
				55F363D74D9781EF4A5F7D53 /* Pods */,
				313327A3FF7CD9A0CCF531B0 /* Frameworks */,
			);
			sourceTree = "<group>";
		};
		ECF24AB620F298A900A1B1F4 /* Products */ = {
			isa = PBXGroup;
			children = (
				ECF24AB520F298A900A1B1F4 /* ZalandoFastSearchSwift.app */,
				ECF24AC920F298AB00A1B1F4 /* ZalandoFastSearchSwiftTests.xctest */,
				ECF24AD420F298AB00A1B1F4 /* ZalandoFastSearchSwiftUITests.xctest */,
			);
			name = Products;
			sourceTree = "<group>";
		};
		ECF24AB720F298A900A1B1F4 /* ZalandoFastSearchSwift */ = {
			isa = PBXGroup;
			children = (
				EC87503920F4F45A008D2ED4 /* Base */,
				EC82FB4620F3FD6D00EF1D29 /* Protocols */,
				EC82FB4420F3FD4200EF1D29 /* Models */,
				EC82FB4320F3FD0A00EF1D29 /* Utils */,
				ECF24AE920F2AA9800A1B1F4 /* Managers */,
				ECF24AE820F2AA9100A1B1F4 /* Extensions */,
				ECF24AE720F2AA8A00A1B1F4 /* API */,
				ECF24AE620F2AA7200A1B1F4 /* Modules */,
				ECF24AB820F298A900A1B1F4 /* AppDelegate.swift */,
				ECF24ABF20F298AB00A1B1F4 /* Assets.xcassets */,
				ECF24AC120F298AB00A1B1F4 /* LaunchScreen.storyboard */,
				ECF24AC420F298AB00A1B1F4 /* Info.plist */,
				EC87504220F6240E008D2ED4 /* ZalandoFastSearchSwift.xcdatamodeld */,
			);
			path = ZalandoFastSearchSwift;
			sourceTree = "<group>";
		};
		ECF24ACC20F298AB00A1B1F4 /* ZalandoFastSearchSwiftTests */ = {
			isa = PBXGroup;
			children = (
				ECF24ACD20F298AB00A1B1F4 /* ZalandoFastSearchSwiftTests.swift */,
				ECF24ACF20F298AB00A1B1F4 /* Info.plist */,
			);
			path = ZalandoFastSearchSwiftTests;
			sourceTree = "<group>";
		};
		ECF24AD720F298AB00A1B1F4 /* ZalandoFastSearchSwiftUITests */ = {
			isa = PBXGroup;
			children = (
				ECF24AD820F298AB00A1B1F4 /* ZalandoFastSearchSwiftUITests.swift */,
				ECF24ADA20F298AB00A1B1F4 /* Info.plist */,
			);
			path = ZalandoFastSearchSwiftUITests;
			sourceTree = "<group>";
		};
		ECF24AE620F2AA7200A1B1F4 /* Modules */ = {
			isa = PBXGroup;
			children = (
				EC82FB4520F3FD5800EF1D29 /* Init */,
				EC87504F20F632C9008D2ED4 /* Authentication */,
				EC87505020F632D3008D2ED4 /* PresetsBrowsing */,
			);
			path = Modules;
			sourceTree = "<group>";
		};
		ECF24AE720F2AA8A00A1B1F4 /* API */ = {
			isa = PBXGroup;
			children = (
			);
			path = API;
			sourceTree = "<group>";
		};
		ECF24AE820F2AA9100A1B1F4 /* Extensions */ = {
			isa = PBXGroup;
			children = (
				EC87503C20F4FBCC008D2ED4 /* Flex+Extension.swift */,
			);
			path = Extensions;
			sourceTree = "<group>";
		};
		ECF24AE920F2AA9800A1B1F4 /* Managers */ = {
			isa = PBXGroup;
			children = (
				EC87504520F62571008D2ED4 /* CoreDataManager.swift */,
			);
			path = Managers;
			sourceTree = "<group>";
		};
/* End PBXGroup section */

/* Begin PBXNativeTarget section */
		ECF24AB420F298A900A1B1F4 /* ZalandoFastSearchSwift */ = {
			isa = PBXNativeTarget;
			buildConfigurationList = ECF24ADD20F298AB00A1B1F4 /* Build configuration list for PBXNativeTarget "ZalandoFastSearchSwift" */;
			buildPhases = (
				36CB2D0A914215267564A6D5 /* [CP] Check Pods Manifest.lock */,
				ECF24AB120F298A900A1B1F4 /* Sources */,
				ECF24AB220F298A900A1B1F4 /* Frameworks */,
				ECF24AB320F298A900A1B1F4 /* Resources */,
				B09185F2F689B707AB364E86 /* [CP] Embed Pods Frameworks */,
			);
			buildRules = (
			);
			dependencies = (
			);
			name = ZalandoFastSearchSwift;
			productName = ZalandoFastSearchSwift;
			productReference = ECF24AB520F298A900A1B1F4 /* ZalandoFastSearchSwift.app */;
			productType = "com.apple.product-type.application";
		};
		ECF24AC820F298AB00A1B1F4 /* ZalandoFastSearchSwiftTests */ = {
			isa = PBXNativeTarget;
			buildConfigurationList = ECF24AE020F298AB00A1B1F4 /* Build configuration list for PBXNativeTarget "ZalandoFastSearchSwiftTests" */;
			buildPhases = (
				66D5A84F66C6B31899F94BD9 /* [CP] Check Pods Manifest.lock */,
				ECF24AC520F298AB00A1B1F4 /* Sources */,
				ECF24AC620F298AB00A1B1F4 /* Frameworks */,
				ECF24AC720F298AB00A1B1F4 /* Resources */,
			);
			buildRules = (
			);
			dependencies = (
				ECF24ACB20F298AB00A1B1F4 /* PBXTargetDependency */,
			);
			name = ZalandoFastSearchSwiftTests;
			productName = ZalandoFastSearchSwiftTests;
			productReference = ECF24AC920F298AB00A1B1F4 /* ZalandoFastSearchSwiftTests.xctest */;
			productType = "com.apple.product-type.bundle.unit-test";
		};
		ECF24AD320F298AB00A1B1F4 /* ZalandoFastSearchSwiftUITests */ = {
			isa = PBXNativeTarget;
			buildConfigurationList = ECF24AE320F298AB00A1B1F4 /* Build configuration list for PBXNativeTarget "ZalandoFastSearchSwiftUITests" */;
			buildPhases = (
				AC1D65414BCB6E332582CF10 /* [CP] Check Pods Manifest.lock */,
				ECF24AD020F298AB00A1B1F4 /* Sources */,
				ECF24AD120F298AB00A1B1F4 /* Frameworks */,
				ECF24AD220F298AB00A1B1F4 /* Resources */,
			);
			buildRules = (
			);
			dependencies = (
				ECF24AD620F298AB00A1B1F4 /* PBXTargetDependency */,
			);
			name = ZalandoFastSearchSwiftUITests;
			productName = ZalandoFastSearchSwiftUITests;
			productReference = ECF24AD420F298AB00A1B1F4 /* ZalandoFastSearchSwiftUITests.xctest */;
			productType = "com.apple.product-type.bundle.ui-testing";
		};
/* End PBXNativeTarget section */

/* Begin PBXProject section */
		ECF24AAD20F298A900A1B1F4 /* Project object */ = {
			isa = PBXProject;
			attributes = {
				LastSwiftUpdateCheck = 0940;
				LastUpgradeCheck = 0940;
				ORGANIZATIONNAME = "Alexander Stolar";
				TargetAttributes = {
					ECF24AB420F298A900A1B1F4 = {
						CreatedOnToolsVersion = 9.4.1;
					};
					ECF24AC820F298AB00A1B1F4 = {
						CreatedOnToolsVersion = 9.4.1;
						TestTargetID = ECF24AB420F298A900A1B1F4;
					};
					ECF24AD320F298AB00A1B1F4 = {
						CreatedOnToolsVersion = 9.4.1;
						TestTargetID = ECF24AB420F298A900A1B1F4;
					};
				};
			};
			buildConfigurationList = ECF24AB020F298A900A1B1F4 /* Build configuration list for PBXProject "ZalandoFastSearchSwift" */;
			compatibilityVersion = "Xcode 9.3";
			developmentRegion = en;
			hasScannedForEncodings = 0;
			knownRegions = (
				en,
				Base,
			);
			mainGroup = ECF24AAC20F298A900A1B1F4;
			productRefGroup = ECF24AB620F298A900A1B1F4 /* Products */;
			projectDirPath = "";
			projectRoot = "";
			targets = (
				ECF24AB420F298A900A1B1F4 /* ZalandoFastSearchSwift */,
				ECF24AC820F298AB00A1B1F4 /* ZalandoFastSearchSwiftTests */,
				ECF24AD320F298AB00A1B1F4 /* ZalandoFastSearchSwiftUITests */,
			);
		};
/* End PBXProject section */

/* Begin PBXResourcesBuildPhase section */
		ECF24AB320F298A900A1B1F4 /* Resources */ = {
			isa = PBXResourcesBuildPhase;
			buildActionMask = 2147483647;
			files = (
				ECF24AC320F298AB00A1B1F4 /* LaunchScreen.storyboard in Resources */,
				ECF24AC020F298AB00A1B1F4 /* Assets.xcassets in Resources */,
			);
			runOnlyForDeploymentPostprocessing = 0;
		};
		ECF24AC720F298AB00A1B1F4 /* Resources */ = {
			isa = PBXResourcesBuildPhase;
			buildActionMask = 2147483647;
			files = (
			);
			runOnlyForDeploymentPostprocessing = 0;
		};
		ECF24AD220F298AB00A1B1F4 /* Resources */ = {
			isa = PBXResourcesBuildPhase;
			buildActionMask = 2147483647;
			files = (
			);
			runOnlyForDeploymentPostprocessing = 0;
		};
/* End PBXResourcesBuildPhase section */

/* Begin PBXShellScriptBuildPhase section */
		36CB2D0A914215267564A6D5 /* [CP] Check Pods Manifest.lock */ = {
			isa = PBXShellScriptBuildPhase;
			buildActionMask = 2147483647;
			files = (
			);
			inputPaths = (
				"${PODS_PODFILE_DIR_PATH}/Podfile.lock",
				"${PODS_ROOT}/Manifest.lock",
			);
			name = "[CP] Check Pods Manifest.lock";
			outputPaths = (
				"$(DERIVED_FILE_DIR)/Pods-ZalandoFastSearchSwift-checkManifestLockResult.txt",
			);
			runOnlyForDeploymentPostprocessing = 0;
			shellPath = /bin/sh;
			shellScript = "diff \"${PODS_PODFILE_DIR_PATH}/Podfile.lock\" \"${PODS_ROOT}/Manifest.lock\" > /dev/null\nif [ $? != 0 ] ; then\n    # print error to STDERR\n    echo \"error: The sandbox is not in sync with the Podfile.lock. Run 'pod install' or update your CocoaPods installation.\" >&2\n    exit 1\nfi\n# This output is used by Xcode 'outputs' to avoid re-running this script phase.\necho \"SUCCESS\" > \"${SCRIPT_OUTPUT_FILE_0}\"\n";
			showEnvVarsInLog = 0;
		};
		66D5A84F66C6B31899F94BD9 /* [CP] Check Pods Manifest.lock */ = {
			isa = PBXShellScriptBuildPhase;
			buildActionMask = 2147483647;
			files = (
			);
			inputPaths = (
				"${PODS_PODFILE_DIR_PATH}/Podfile.lock",
				"${PODS_ROOT}/Manifest.lock",
			);
			name = "[CP] Check Pods Manifest.lock";
			outputPaths = (
				"$(DERIVED_FILE_DIR)/Pods-ZalandoFastSearchSwiftTests-checkManifestLockResult.txt",
			);
			runOnlyForDeploymentPostprocessing = 0;
			shellPath = /bin/sh;
			shellScript = "diff \"${PODS_PODFILE_DIR_PATH}/Podfile.lock\" \"${PODS_ROOT}/Manifest.lock\" > /dev/null\nif [ $? != 0 ] ; then\n    # print error to STDERR\n    echo \"error: The sandbox is not in sync with the Podfile.lock. Run 'pod install' or update your CocoaPods installation.\" >&2\n    exit 1\nfi\n# This output is used by Xcode 'outputs' to avoid re-running this script phase.\necho \"SUCCESS\" > \"${SCRIPT_OUTPUT_FILE_0}\"\n";
			showEnvVarsInLog = 0;
		};
		AC1D65414BCB6E332582CF10 /* [CP] Check Pods Manifest.lock */ = {
			isa = PBXShellScriptBuildPhase;
			buildActionMask = 2147483647;
			files = (
			);
			inputPaths = (
				"${PODS_PODFILE_DIR_PATH}/Podfile.lock",
				"${PODS_ROOT}/Manifest.lock",
			);
			name = "[CP] Check Pods Manifest.lock";
			outputPaths = (
				"$(DERIVED_FILE_DIR)/Pods-ZalandoFastSearchSwiftUITests-checkManifestLockResult.txt",
			);
			runOnlyForDeploymentPostprocessing = 0;
			shellPath = /bin/sh;
			shellScript = "diff \"${PODS_PODFILE_DIR_PATH}/Podfile.lock\" \"${PODS_ROOT}/Manifest.lock\" > /dev/null\nif [ $? != 0 ] ; then\n    # print error to STDERR\n    echo \"error: The sandbox is not in sync with the Podfile.lock. Run 'pod install' or update your CocoaPods installation.\" >&2\n    exit 1\nfi\n# This output is used by Xcode 'outputs' to avoid re-running this script phase.\necho \"SUCCESS\" > \"${SCRIPT_OUTPUT_FILE_0}\"\n";
			showEnvVarsInLog = 0;
		};
		B09185F2F689B707AB364E86 /* [CP] Embed Pods Frameworks */ = {
			isa = PBXShellScriptBuildPhase;
			buildActionMask = 2147483647;
			files = (
			);
			inputPaths = (
				"${SRCROOT}/Pods/Target Support Files/Pods-ZalandoFastSearchSwift/Pods-ZalandoFastSearchSwift-frameworks.sh",
				"${BUILT_PRODUCTS_DIR}/Alamofire/Alamofire.framework",
				"${BUILT_PRODUCTS_DIR}/FlexLayout/FlexLayout.framework",
				"${BUILT_PRODUCTS_DIR}/MDFInternationalization/MDFInternationalization.framework",
				"${BUILT_PRODUCTS_DIR}/MDFTextAccessibility/MDFTextAccessibility.framework",
				"${BUILT_PRODUCTS_DIR}/MaterialComponents/MaterialComponents.framework",
				"${BUILT_PRODUCTS_DIR}/Moya/Moya.framework",
				"${BUILT_PRODUCTS_DIR}/PinLayout/PinLayout.framework",
				"${BUILT_PRODUCTS_DIR}/Result/Result.framework",
				"${BUILT_PRODUCTS_DIR}/RxCocoa/RxCocoa.framework",
				"${BUILT_PRODUCTS_DIR}/RxSwift/RxSwift.framework",
				"${BUILT_PRODUCTS_DIR}/SnapKit/SnapKit.framework",
			);
			name = "[CP] Embed Pods Frameworks";
			outputPaths = (
				"${TARGET_BUILD_DIR}/${FRAMEWORKS_FOLDER_PATH}/Alamofire.framework",
				"${TARGET_BUILD_DIR}/${FRAMEWORKS_FOLDER_PATH}/FlexLayout.framework",
				"${TARGET_BUILD_DIR}/${FRAMEWORKS_FOLDER_PATH}/MDFInternationalization.framework",
				"${TARGET_BUILD_DIR}/${FRAMEWORKS_FOLDER_PATH}/MDFTextAccessibility.framework",
				"${TARGET_BUILD_DIR}/${FRAMEWORKS_FOLDER_PATH}/MaterialComponents.framework",
				"${TARGET_BUILD_DIR}/${FRAMEWORKS_FOLDER_PATH}/Moya.framework",
				"${TARGET_BUILD_DIR}/${FRAMEWORKS_FOLDER_PATH}/PinLayout.framework",
				"${TARGET_BUILD_DIR}/${FRAMEWORKS_FOLDER_PATH}/Result.framework",
				"${TARGET_BUILD_DIR}/${FRAMEWORKS_FOLDER_PATH}/RxCocoa.framework",
				"${TARGET_BUILD_DIR}/${FRAMEWORKS_FOLDER_PATH}/RxSwift.framework",
				"${TARGET_BUILD_DIR}/${FRAMEWORKS_FOLDER_PATH}/SnapKit.framework",
			);
			runOnlyForDeploymentPostprocessing = 0;
			shellPath = /bin/sh;
			shellScript = "\"${SRCROOT}/Pods/Target Support Files/Pods-ZalandoFastSearchSwift/Pods-ZalandoFastSearchSwift-frameworks.sh\"\n";
			showEnvVarsInLog = 0;
		};
/* End PBXShellScriptBuildPhase section */

/* Begin PBXSourcesBuildPhase section */
		ECF24AB120F298A900A1B1F4 /* Sources */ = {
			isa = PBXSourcesBuildPhase;
			buildActionMask = 2147483647;
			files = (
				EC82FB4A20F4272800EF1D29 /* InitCoordinator.swift in Sources */,
				EC87503B20F4F465008D2ED4 /* BaseView.swift in Sources */,
				EC82FB5020F4274C00EF1D29 /* PresetsCoordinator.swift in Sources */,
				EC82FB4E20F4274100EF1D29 /* ResultCoordinator.swift in Sources */,
				EC87504620F62571008D2ED4 /* CoreDataManager.swift in Sources */,
				EC87503020F4E999008D2ED4 /* LoginView.swift in Sources */,
				EC87503F20F4FD34008D2ED4 /* BaseViewController.swift in Sources */,
				EC87504A20F631FC008D2ED4 /* RegisterView.swift in Sources */,
				EC87504E20F6320E008D2ED4 /* RegisterViewController.swift in Sources */,
				EC82FB4820F3FE6400EF1D29 /* Coordinating.swift in Sources */,
				ECF24AB920F298A900A1B1F4 /* AppDelegate.swift in Sources */,
				EC87504C20F63206008D2ED4 /* RegisterViewModel.swift in Sources */,
				EC87503D20F4FBCC008D2ED4 /* Flex+Extension.swift in Sources */,
				EC87503220F4E9A4008D2ED4 /* LoginViewModel.swift in Sources */,
				EC87503820F4EC26008D2ED4 /* ColorTheme.swift in Sources */,
				EC87504820F6270F008D2ED4 /* User.swift in Sources */,
				EC87505220F632FE008D2ED4 /* AuthenticationCoordinator.swift in Sources */,
				EC87504420F6240E008D2ED4 /* ZalandoFastSearchSwift.xcdatamodeld in Sources */,
				EC82FB4C20F4273700EF1D29 /* CreatePresetCoordinator.swift in Sources */,
				EC87503420F4E9AD008D2ED4 /* LoginViewController.swift in Sources */,
			);
			runOnlyForDeploymentPostprocessing = 0;
		};
		ECF24AC520F298AB00A1B1F4 /* Sources */ = {
			isa = PBXSourcesBuildPhase;
			buildActionMask = 2147483647;
			files = (
				ECF24ACE20F298AB00A1B1F4 /* ZalandoFastSearchSwiftTests.swift in Sources */,
			);
			runOnlyForDeploymentPostprocessing = 0;
		};
		ECF24AD020F298AB00A1B1F4 /* Sources */ = {
			isa = PBXSourcesBuildPhase;
			buildActionMask = 2147483647;
			files = (
				ECF24AD920F298AB00A1B1F4 /* ZalandoFastSearchSwiftUITests.swift in Sources */,
			);
			runOnlyForDeploymentPostprocessing = 0;
		};
/* End PBXSourcesBuildPhase section */

/* Begin PBXTargetDependency section */
		ECF24ACB20F298AB00A1B1F4 /* PBXTargetDependency */ = {
			isa = PBXTargetDependency;
			target = ECF24AB420F298A900A1B1F4 /* ZalandoFastSearchSwift */;
			targetProxy = ECF24ACA20F298AB00A1B1F4 /* PBXContainerItemProxy */;
		};
		ECF24AD620F298AB00A1B1F4 /* PBXTargetDependency */ = {
			isa = PBXTargetDependency;
			target = ECF24AB420F298A900A1B1F4 /* ZalandoFastSearchSwift */;
			targetProxy = ECF24AD520F298AB00A1B1F4 /* PBXContainerItemProxy */;
		};
/* End PBXTargetDependency section */

/* Begin PBXVariantGroup section */
		ECF24AC120F298AB00A1B1F4 /* LaunchScreen.storyboard */ = {
			isa = PBXVariantGroup;
			children = (
				ECF24AC220F298AB00A1B1F4 /* Base */,
			);
			name = LaunchScreen.storyboard;
			sourceTree = "<group>";
		};
/* End PBXVariantGroup section */

/* Begin XCBuildConfiguration section */
		ECF24ADB20F298AB00A1B1F4 /* Debug */ = {
			isa = XCBuildConfiguration;
			buildSettings = {
				ALWAYS_SEARCH_USER_PATHS = NO;
				CLANG_ANALYZER_NONNULL = YES;
				CLANG_ANALYZER_NUMBER_OBJECT_CONVERSION = YES_AGGRESSIVE;
				CLANG_CXX_LANGUAGE_STANDARD = "gnu++14";
				CLANG_CXX_LIBRARY = "libc++";
				CLANG_ENABLE_MODULES = YES;
				CLANG_ENABLE_OBJC_ARC = YES;
				CLANG_ENABLE_OBJC_WEAK = YES;
				CLANG_WARN_BLOCK_CAPTURE_AUTORELEASING = YES;
				CLANG_WARN_BOOL_CONVERSION = YES;
				CLANG_WARN_COMMA = YES;
				CLANG_WARN_CONSTANT_CONVERSION = YES;
				CLANG_WARN_DEPRECATED_OBJC_IMPLEMENTATIONS = YES;
				CLANG_WARN_DIRECT_OBJC_ISA_USAGE = YES_ERROR;
				CLANG_WARN_DOCUMENTATION_COMMENTS = YES;
				CLANG_WARN_EMPTY_BODY = YES;
				CLANG_WARN_ENUM_CONVERSION = YES;
				CLANG_WARN_INFINITE_RECURSION = YES;
				CLANG_WARN_INT_CONVERSION = YES;
				CLANG_WARN_NON_LITERAL_NULL_CONVERSION = YES;
				CLANG_WARN_OBJC_IMPLICIT_RETAIN_SELF = YES;
				CLANG_WARN_OBJC_LITERAL_CONVERSION = YES;
				CLANG_WARN_OBJC_ROOT_CLASS = YES_ERROR;
				CLANG_WARN_RANGE_LOOP_ANALYSIS = YES;
				CLANG_WARN_STRICT_PROTOTYPES = YES;
				CLANG_WARN_SUSPICIOUS_MOVE = YES;
				CLANG_WARN_UNGUARDED_AVAILABILITY = YES_AGGRESSIVE;
				CLANG_WARN_UNREACHABLE_CODE = YES;
				CLANG_WARN__DUPLICATE_METHOD_MATCH = YES;
				CODE_SIGN_IDENTITY = "iPhone Developer";
				COPY_PHASE_STRIP = NO;
				DEBUG_INFORMATION_FORMAT = dwarf;
				ENABLE_STRICT_OBJC_MSGSEND = YES;
				ENABLE_TESTABILITY = YES;
				GCC_C_LANGUAGE_STANDARD = gnu11;
				GCC_DYNAMIC_NO_PIC = NO;
				GCC_NO_COMMON_BLOCKS = YES;
				GCC_OPTIMIZATION_LEVEL = 0;
				GCC_PREPROCESSOR_DEFINITIONS = (
					"DEBUG=1",
					"$(inherited)",
				);
				GCC_WARN_64_TO_32_BIT_CONVERSION = YES;
				GCC_WARN_ABOUT_RETURN_TYPE = YES_ERROR;
				GCC_WARN_UNDECLARED_SELECTOR = YES;
				GCC_WARN_UNINITIALIZED_AUTOS = YES_AGGRESSIVE;
				GCC_WARN_UNUSED_FUNCTION = YES;
				GCC_WARN_UNUSED_VARIABLE = YES;
				IPHONEOS_DEPLOYMENT_TARGET = 11.4;
				MTL_ENABLE_DEBUG_INFO = YES;
				ONLY_ACTIVE_ARCH = YES;
				SDKROOT = iphoneos;
				SWIFT_ACTIVE_COMPILATION_CONDITIONS = DEBUG;
				SWIFT_OPTIMIZATION_LEVEL = "-Onone";
			};
			name = Debug;
		};
		ECF24ADC20F298AB00A1B1F4 /* Release */ = {
			isa = XCBuildConfiguration;
			buildSettings = {
				ALWAYS_SEARCH_USER_PATHS = NO;
				CLANG_ANALYZER_NONNULL = YES;
				CLANG_ANALYZER_NUMBER_OBJECT_CONVERSION = YES_AGGRESSIVE;
				CLANG_CXX_LANGUAGE_STANDARD = "gnu++14";
				CLANG_CXX_LIBRARY = "libc++";
				CLANG_ENABLE_MODULES = YES;
				CLANG_ENABLE_OBJC_ARC = YES;
				CLANG_ENABLE_OBJC_WEAK = YES;
				CLANG_WARN_BLOCK_CAPTURE_AUTORELEASING = YES;
				CLANG_WARN_BOOL_CONVERSION = YES;
				CLANG_WARN_COMMA = YES;
				CLANG_WARN_CONSTANT_CONVERSION = YES;
				CLANG_WARN_DEPRECATED_OBJC_IMPLEMENTATIONS = YES;
				CLANG_WARN_DIRECT_OBJC_ISA_USAGE = YES_ERROR;
				CLANG_WARN_DOCUMENTATION_COMMENTS = YES;
				CLANG_WARN_EMPTY_BODY = YES;
				CLANG_WARN_ENUM_CONVERSION = YES;
				CLANG_WARN_INFINITE_RECURSION = YES;
				CLANG_WARN_INT_CONVERSION = YES;
				CLANG_WARN_NON_LITERAL_NULL_CONVERSION = YES;
				CLANG_WARN_OBJC_IMPLICIT_RETAIN_SELF = YES;
				CLANG_WARN_OBJC_LITERAL_CONVERSION = YES;
				CLANG_WARN_OBJC_ROOT_CLASS = YES_ERROR;
				CLANG_WARN_RANGE_LOOP_ANALYSIS = YES;
				CLANG_WARN_STRICT_PROTOTYPES = YES;
				CLANG_WARN_SUSPICIOUS_MOVE = YES;
				CLANG_WARN_UNGUARDED_AVAILABILITY = YES_AGGRESSIVE;
				CLANG_WARN_UNREACHABLE_CODE = YES;
				CLANG_WARN__DUPLICATE_METHOD_MATCH = YES;
				CODE_SIGN_IDENTITY = "iPhone Developer";
				COPY_PHASE_STRIP = NO;
				DEBUG_INFORMATION_FORMAT = "dwarf-with-dsym";
				ENABLE_NS_ASSERTIONS = NO;
				ENABLE_STRICT_OBJC_MSGSEND = YES;
				GCC_C_LANGUAGE_STANDARD = gnu11;
				GCC_NO_COMMON_BLOCKS = YES;
				GCC_WARN_64_TO_32_BIT_CONVERSION = YES;
				GCC_WARN_ABOUT_RETURN_TYPE = YES_ERROR;
				GCC_WARN_UNDECLARED_SELECTOR = YES;
				GCC_WARN_UNINITIALIZED_AUTOS = YES_AGGRESSIVE;
				GCC_WARN_UNUSED_FUNCTION = YES;
				GCC_WARN_UNUSED_VARIABLE = YES;
				IPHONEOS_DEPLOYMENT_TARGET = 11.4;
				MTL_ENABLE_DEBUG_INFO = NO;
				SDKROOT = iphoneos;
				SWIFT_COMPILATION_MODE = wholemodule;
				SWIFT_OPTIMIZATION_LEVEL = "-O";
				VALIDATE_PRODUCT = YES;
			};
			name = Release;
		};
		ECF24ADE20F298AB00A1B1F4 /* Debug */ = {
			isa = XCBuildConfiguration;
			baseConfigurationReference = 94F8CA5A7E176E75436CA3FA /* Pods-ZalandoFastSearchSwift.debug.xcconfig */;
			buildSettings = {
				ASSETCATALOG_COMPILER_APPICON_NAME = AppIcon;
				CODE_SIGN_STYLE = Automatic;
				DEVELOPMENT_TEAM = T289F6WJGZ;
				INFOPLIST_FILE = ZalandoFastSearchSwift/Info.plist;
				LD_RUNPATH_SEARCH_PATHS = (
					"$(inherited)",
					"@executable_path/Frameworks",
				);
				PRODUCT_BUNDLE_IDENTIFIER = olo95.ZalandoFastSearchSwift;
				PRODUCT_NAME = "$(TARGET_NAME)";
				SWIFT_VERSION = 4.0;
				TARGETED_DEVICE_FAMILY = "1,2";
			};
			name = Debug;
		};
		ECF24ADF20F298AB00A1B1F4 /* Release */ = {
			isa = XCBuildConfiguration;
			baseConfigurationReference = 86F016E11AA2DA2A721B324E /* Pods-ZalandoFastSearchSwift.release.xcconfig */;
			buildSettings = {
				ASSETCATALOG_COMPILER_APPICON_NAME = AppIcon;
				CODE_SIGN_STYLE = Automatic;
				DEVELOPMENT_TEAM = T289F6WJGZ;
				INFOPLIST_FILE = ZalandoFastSearchSwift/Info.plist;
				LD_RUNPATH_SEARCH_PATHS = (
					"$(inherited)",
					"@executable_path/Frameworks",
				);
				PRODUCT_BUNDLE_IDENTIFIER = olo95.ZalandoFastSearchSwift;
				PRODUCT_NAME = "$(TARGET_NAME)";
				SWIFT_VERSION = 4.0;
				TARGETED_DEVICE_FAMILY = "1,2";
			};
			name = Release;
		};
		ECF24AE120F298AB00A1B1F4 /* Debug */ = {
			isa = XCBuildConfiguration;
			baseConfigurationReference = DF77527D03F9BFFCA804EA1A /* Pods-ZalandoFastSearchSwiftTests.debug.xcconfig */;
			buildSettings = {
				ALWAYS_EMBED_SWIFT_STANDARD_LIBRARIES = YES;
				BUNDLE_LOADER = "$(TEST_HOST)";
				CODE_SIGN_STYLE = Automatic;
				DEVELOPMENT_TEAM = T289F6WJGZ;
				INFOPLIST_FILE = ZalandoFastSearchSwiftTests/Info.plist;
				LD_RUNPATH_SEARCH_PATHS = (
					"$(inherited)",
					"@executable_path/Frameworks",
					"@loader_path/Frameworks",
				);
				PRODUCT_BUNDLE_IDENTIFIER = olo95.ZalandoFastSearchSwiftTests;
				PRODUCT_NAME = "$(TARGET_NAME)";
				SWIFT_VERSION = 4.0;
				TARGETED_DEVICE_FAMILY = "1,2";
				TEST_HOST = "$(BUILT_PRODUCTS_DIR)/ZalandoFastSearchSwift.app/ZalandoFastSearchSwift";
			};
			name = Debug;
		};
		ECF24AE220F298AB00A1B1F4 /* Release */ = {
			isa = XCBuildConfiguration;
			baseConfigurationReference = 4E727F970BD553826FD8A34A /* Pods-ZalandoFastSearchSwiftTests.release.xcconfig */;
			buildSettings = {
				ALWAYS_EMBED_SWIFT_STANDARD_LIBRARIES = YES;
				BUNDLE_LOADER = "$(TEST_HOST)";
				CODE_SIGN_STYLE = Automatic;
				DEVELOPMENT_TEAM = T289F6WJGZ;
				INFOPLIST_FILE = ZalandoFastSearchSwiftTests/Info.plist;
				LD_RUNPATH_SEARCH_PATHS = (
					"$(inherited)",
					"@executable_path/Frameworks",
					"@loader_path/Frameworks",
				);
				PRODUCT_BUNDLE_IDENTIFIER = olo95.ZalandoFastSearchSwiftTests;
				PRODUCT_NAME = "$(TARGET_NAME)";
				SWIFT_VERSION = 4.0;
				TARGETED_DEVICE_FAMILY = "1,2";
				TEST_HOST = "$(BUILT_PRODUCTS_DIR)/ZalandoFastSearchSwift.app/ZalandoFastSearchSwift";
			};
			name = Release;
		};
		ECF24AE420F298AB00A1B1F4 /* Debug */ = {
			isa = XCBuildConfiguration;
			baseConfigurationReference = B87941F3B936CB401C88065E /* Pods-ZalandoFastSearchSwiftUITests.debug.xcconfig */;
			buildSettings = {
				ALWAYS_EMBED_SWIFT_STANDARD_LIBRARIES = YES;
				CODE_SIGN_STYLE = Automatic;
				DEVELOPMENT_TEAM = T289F6WJGZ;
				INFOPLIST_FILE = ZalandoFastSearchSwiftUITests/Info.plist;
				LD_RUNPATH_SEARCH_PATHS = (
					"$(inherited)",
					"@executable_path/Frameworks",
					"@loader_path/Frameworks",
				);
				PRODUCT_BUNDLE_IDENTIFIER = olo95.ZalandoFastSearchSwiftUITests;
				PRODUCT_NAME = "$(TARGET_NAME)";
				SWIFT_VERSION = 4.0;
				TARGETED_DEVICE_FAMILY = "1,2";
				TEST_TARGET_NAME = ZalandoFastSearchSwift;
			};
			name = Debug;
		};
		ECF24AE520F298AB00A1B1F4 /* Release */ = {
			isa = XCBuildConfiguration;
			baseConfigurationReference = C62F32B34E56D35865E1BA44 /* Pods-ZalandoFastSearchSwiftUITests.release.xcconfig */;
			buildSettings = {
				ALWAYS_EMBED_SWIFT_STANDARD_LIBRARIES = YES;
				CODE_SIGN_STYLE = Automatic;
				DEVELOPMENT_TEAM = T289F6WJGZ;
				INFOPLIST_FILE = ZalandoFastSearchSwiftUITests/Info.plist;
				LD_RUNPATH_SEARCH_PATHS = (
					"$(inherited)",
					"@executable_path/Frameworks",
					"@loader_path/Frameworks",
				);
				PRODUCT_BUNDLE_IDENTIFIER = olo95.ZalandoFastSearchSwiftUITests;
				PRODUCT_NAME = "$(TARGET_NAME)";
				SWIFT_VERSION = 4.0;
				TARGETED_DEVICE_FAMILY = "1,2";
				TEST_TARGET_NAME = ZalandoFastSearchSwift;
			};
			name = Release;
		};
/* End XCBuildConfiguration section */

/* Begin XCConfigurationList section */
		ECF24AB020F298A900A1B1F4 /* Build configuration list for PBXProject "ZalandoFastSearchSwift" */ = {
			isa = XCConfigurationList;
			buildConfigurations = (
				ECF24ADB20F298AB00A1B1F4 /* Debug */,
				ECF24ADC20F298AB00A1B1F4 /* Release */,
			);
			defaultConfigurationIsVisible = 0;
			defaultConfigurationName = Release;
		};
		ECF24ADD20F298AB00A1B1F4 /* Build configuration list for PBXNativeTarget "ZalandoFastSearchSwift" */ = {
			isa = XCConfigurationList;
			buildConfigurations = (
				ECF24ADE20F298AB00A1B1F4 /* Debug */,
				ECF24ADF20F298AB00A1B1F4 /* Release */,
			);
			defaultConfigurationIsVisible = 0;
			defaultConfigurationName = Release;
		};
		ECF24AE020F298AB00A1B1F4 /* Build configuration list for PBXNativeTarget "ZalandoFastSearchSwiftTests" */ = {
			isa = XCConfigurationList;
			buildConfigurations = (
				ECF24AE120F298AB00A1B1F4 /* Debug */,
				ECF24AE220F298AB00A1B1F4 /* Release */,
			);
			defaultConfigurationIsVisible = 0;
			defaultConfigurationName = Release;
		};
		ECF24AE320F298AB00A1B1F4 /* Build configuration list for PBXNativeTarget "ZalandoFastSearchSwiftUITests" */ = {
			isa = XCConfigurationList;
			buildConfigurations = (
				ECF24AE420F298AB00A1B1F4 /* Debug */,
				ECF24AE520F298AB00A1B1F4 /* Release */,
			);
			defaultConfigurationIsVisible = 0;
			defaultConfigurationName = Release;
		};
/* End XCConfigurationList section */

/* Begin XCVersionGroup section */
		EC87504220F6240E008D2ED4 /* ZalandoFastSearchSwift.xcdatamodeld */ = {
			isa = XCVersionGroup;
			children = (
				EC87504320F6240E008D2ED4 /* ZalandoFastSearchSwift.xcdatamodel */,
			);
			currentVersion = EC87504320F6240E008D2ED4 /* ZalandoFastSearchSwift.xcdatamodel */;
			path = ZalandoFastSearchSwift.xcdatamodeld;
			sourceTree = "<group>";
			versionGroupType = wrapper.xcdatamodel;
		};
/* End XCVersionGroup section */
	};
	rootObject = ECF24AAD20F298A900A1B1F4 /* Project object */;
}
